// !$*UTF8*$!
{
	archiveVersion = 1;
	classes = {
	};
	objectVersion = 46;
	objects = {

/* Begin PBXBuildFile section */
		CC90A89AEB9043D36AF212C4 /* Pods.framework in Frameworks */ = {isa = PBXBuildFile; fileRef = 548B1343A528873E4773B7B8 /* Pods.framework */; };
		FA4C71561BDB6015007AF9F4 /* OptionsViewController.swift in Sources */ = {isa = PBXBuildFile; fileRef = FA4C71551BDB6015007AF9F4 /* OptionsViewController.swift */; };
		FA4C71581BDB6B07007AF9F4 /* SettingsViewController.swift in Sources */ = {isa = PBXBuildFile; fileRef = FA4C71571BDB6B07007AF9F4 /* SettingsViewController.swift */; };
		FA4C715A1BDC86A0007AF9F4 /* GroupedViewController.swift in Sources */ = {isa = PBXBuildFile; fileRef = FA4C71591BDC86A0007AF9F4 /* GroupedViewController.swift */; };
		FAF7C4531BD48E38002B5285 /* AppDelegate.swift in Sources */ = {isa = PBXBuildFile; fileRef = FAF7C4521BD48E38002B5285 /* AppDelegate.swift */; };
		FAF7C4551BD48E38002B5285 /* ViewController.swift in Sources */ = {isa = PBXBuildFile; fileRef = FAF7C4541BD48E38002B5285 /* ViewController.swift */; };
		FAF7C4581BD48E38002B5285 /* Main.storyboard in Resources */ = {isa = PBXBuildFile; fileRef = FAF7C4561BD48E38002B5285 /* Main.storyboard */; };
		FAF7C45A1BD48E38002B5285 /* Assets.xcassets in Resources */ = {isa = PBXBuildFile; fileRef = FAF7C4591BD48E38002B5285 /* Assets.xcassets */; };
		FAF7C45D1BD48E38002B5285 /* LaunchScreen.storyboard in Resources */ = {isa = PBXBuildFile; fileRef = FAF7C45B1BD48E38002B5285 /* LaunchScreen.storyboard */; };
		FAF7C4681BD48E39002B5285 /* yigTests.swift in Sources */ = {isa = PBXBuildFile; fileRef = FAF7C4671BD48E39002B5285 /* yigTests.swift */; };
		FAF7C4731BD48E39002B5285 /* yigUITests.swift in Sources */ = {isa = PBXBuildFile; fileRef = FAF7C4721BD48E39002B5285 /* yigUITests.swift */; };
		FAF7C4811BD48E75002B5285 /* MapViewController.swift in Sources */ = {isa = PBXBuildFile; fileRef = FAF7C4801BD48E75002B5285 /* MapViewController.swift */; };
		FAF7C4831BD48E87002B5285 /* DocketViewController.swift in Sources */ = {isa = PBXBuildFile; fileRef = FAF7C4821BD48E87002B5285 /* DocketViewController.swift */; };
		FAF7C4851BD48E95002B5285 /* BillUpdatesViewController.swift in Sources */ = {isa = PBXBuildFile; fileRef = FAF7C4841BD48E95002B5285 /* BillUpdatesViewController.swift */; };
		FAF7C4871BD48EA4002B5285 /* ConferenceScheduleViewController.swift in Sources */ = {isa = PBXBuildFile; fileRef = FAF7C4861BD48EA4002B5285 /* ConferenceScheduleViewController.swift */; };
		FAF7C4891BD48EB0002B5285 /* BusScheduleViewController.swift in Sources */ = {isa = PBXBuildFile; fileRef = FAF7C4881BD48EB0002B5285 /* BusScheduleViewController.swift */; };
		FAF7C48B1BD48EBA002B5285 /* AnnouncementsViewController.swift in Sources */ = {isa = PBXBuildFile; fileRef = FAF7C48A1BD48EBA002B5285 /* AnnouncementsViewController.swift */; };
		FAF7C48D1BD48EC5002B5285 /* ResearchQuestionsViewController.swift in Sources */ = {isa = PBXBuildFile; fileRef = FAF7C48C1BD48EC5002B5285 /* ResearchQuestionsViewController.swift */; };
		FAF7C48F1BD48ED3002B5285 /* StaffQuestionsViewController.swift in Sources */ = {isa = PBXBuildFile; fileRef = FAF7C48E1BD48ED3002B5285 /* StaffQuestionsViewController.swift */; };
		FAF7C4911BD48EDF002B5285 /* CandidatesViewController.swift in Sources */ = {isa = PBXBuildFile; fileRef = FAF7C4901BD48EDF002B5285 /* CandidatesViewController.swift */; };
		FAF7C4931BD49D21002B5285 /* Backend.swift in Sources */ = {isa = PBXBuildFile; fileRef = FAF7C4921BD49D21002B5285 /* Backend.swift */; };
/* End PBXBuildFile section */

/* Begin PBXContainerItemProxy section */
		FAF7C4641BD48E39002B5285 /* PBXContainerItemProxy */ = {
			isa = PBXContainerItemProxy;
			containerPortal = FAF7C4471BD48E38002B5285 /* Project object */;
			proxyType = 1;
			remoteGlobalIDString = FAF7C44E1BD48E38002B5285;
			remoteInfo = yig;
		};
		FAF7C46F1BD48E39002B5285 /* PBXContainerItemProxy */ = {
			isa = PBXContainerItemProxy;
			containerPortal = FAF7C4471BD48E38002B5285 /* Project object */;
			proxyType = 1;
			remoteGlobalIDString = FAF7C44E1BD48E38002B5285;
			remoteInfo = yig;
		};
/* End PBXContainerItemProxy section */

/* Begin PBXFileReference section */
		548B1343A528873E4773B7B8 /* Pods.framework */ = {isa = PBXFileReference; explicitFileType = wrapper.framework; includeInIndex = 0; path = Pods.framework; sourceTree = BUILT_PRODUCTS_DIR; };
		55E069DFC1A5AD641E569809 /* Pods.release.xcconfig */ = {isa = PBXFileReference; includeInIndex = 1; lastKnownFileType = text.xcconfig; name = Pods.release.xcconfig; path = "Pods/Target Support Files/Pods/Pods.release.xcconfig"; sourceTree = "<group>"; };
		6AFAD4040A86B00CF726CEA4 /* Pods.debug.xcconfig */ = {isa = PBXFileReference; includeInIndex = 1; lastKnownFileType = text.xcconfig; name = Pods.debug.xcconfig; path = "Pods/Target Support Files/Pods/Pods.debug.xcconfig"; sourceTree = "<group>"; };
		FA4C71551BDB6015007AF9F4 /* OptionsViewController.swift */ = {isa = PBXFileReference; fileEncoding = 4; lastKnownFileType = sourcecode.swift; path = OptionsViewController.swift; sourceTree = "<group>"; };
		FA4C71571BDB6B07007AF9F4 /* SettingsViewController.swift */ = {isa = PBXFileReference; fileEncoding = 4; lastKnownFileType = sourcecode.swift; path = SettingsViewController.swift; sourceTree = "<group>"; };
		FA4C71591BDC86A0007AF9F4 /* GroupedViewController.swift */ = {isa = PBXFileReference; fileEncoding = 4; lastKnownFileType = sourcecode.swift; path = GroupedViewController.swift; sourceTree = "<group>"; };
		FA6A69131BD49EAC003599EB /* yig-Bridging-Header.h */ = {isa = PBXFileReference; lastKnownFileType = sourcecode.c.h; path = "yig-Bridging-Header.h"; sourceTree = "<group>"; };
		FAF7C44F1BD48E38002B5285 /* yig.app */ = {isa = PBXFileReference; explicitFileType = wrapper.application; includeInIndex = 0; path = yig.app; sourceTree = BUILT_PRODUCTS_DIR; };
		FAF7C4521BD48E38002B5285 /* AppDelegate.swift */ = {isa = PBXFileReference; lastKnownFileType = sourcecode.swift; path = AppDelegate.swift; sourceTree = "<group>"; };
		FAF7C4541BD48E38002B5285 /* ViewController.swift */ = {isa = PBXFileReference; lastKnownFileType = sourcecode.swift; path = ViewController.swift; sourceTree = "<group>"; };
		FAF7C4571BD48E38002B5285 /* Base */ = {isa = PBXFileReference; lastKnownFileType = file.storyboard; name = Base; path = Base.lproj/Main.storyboard; sourceTree = "<group>"; };
		FAF7C4591BD48E38002B5285 /* Assets.xcassets */ = {isa = PBXFileReference; lastKnownFileType = folder.assetcatalog; path = Assets.xcassets; sourceTree = "<group>"; };
		FAF7C45C1BD48E38002B5285 /* Base */ = {isa = PBXFileReference; lastKnownFileType = file.storyboard; name = Base; path = Base.lproj/LaunchScreen.storyboard; sourceTree = "<group>"; };
		FAF7C45E1BD48E38002B5285 /* Info.plist */ = {isa = PBXFileReference; lastKnownFileType = text.plist.xml; path = Info.plist; sourceTree = "<group>"; };
		FAF7C4631BD48E39002B5285 /* yigTests.xctest */ = {isa = PBXFileReference; explicitFileType = wrapper.cfbundle; includeInIndex = 0; path = yigTests.xctest; sourceTree = BUILT_PRODUCTS_DIR; };
		FAF7C4671BD48E39002B5285 /* yigTests.swift */ = {isa = PBXFileReference; lastKnownFileType = sourcecode.swift; path = yigTests.swift; sourceTree = "<group>"; };
		FAF7C4691BD48E39002B5285 /* Info.plist */ = {isa = PBXFileReference; lastKnownFileType = text.plist.xml; path = Info.plist; sourceTree = "<group>"; };
		FAF7C46E1BD48E39002B5285 /* yigUITests.xctest */ = {isa = PBXFileReference; explicitFileType = wrapper.cfbundle; includeInIndex = 0; path = yigUITests.xctest; sourceTree = BUILT_PRODUCTS_DIR; };
		FAF7C4721BD48E39002B5285 /* yigUITests.swift */ = {isa = PBXFileReference; lastKnownFileType = sourcecode.swift; path = yigUITests.swift; sourceTree = "<group>"; };
		FAF7C4741BD48E39002B5285 /* Info.plist */ = {isa = PBXFileReference; lastKnownFileType = text.plist.xml; path = Info.plist; sourceTree = "<group>"; };
		FAF7C4801BD48E75002B5285 /* MapViewController.swift */ = {isa = PBXFileReference; fileEncoding = 4; lastKnownFileType = sourcecode.swift; path = MapViewController.swift; sourceTree = "<group>"; };
		FAF7C4821BD48E87002B5285 /* DocketViewController.swift */ = {isa = PBXFileReference; fileEncoding = 4; lastKnownFileType = sourcecode.swift; path = DocketViewController.swift; sourceTree = "<group>"; };
		FAF7C4841BD48E95002B5285 /* BillUpdatesViewController.swift */ = {isa = PBXFileReference; fileEncoding = 4; lastKnownFileType = sourcecode.swift; path = BillUpdatesViewController.swift; sourceTree = "<group>"; };
		FAF7C4861BD48EA4002B5285 /* ConferenceScheduleViewController.swift */ = {isa = PBXFileReference; fileEncoding = 4; lastKnownFileType = sourcecode.swift; path = ConferenceScheduleViewController.swift; sourceTree = "<group>"; };
		FAF7C4881BD48EB0002B5285 /* BusScheduleViewController.swift */ = {isa = PBXFileReference; fileEncoding = 4; lastKnownFileType = sourcecode.swift; path = BusScheduleViewController.swift; sourceTree = "<group>"; };
		FAF7C48A1BD48EBA002B5285 /* AnnouncementsViewController.swift */ = {isa = PBXFileReference; fileEncoding = 4; lastKnownFileType = sourcecode.swift; path = AnnouncementsViewController.swift; sourceTree = "<group>"; };
		FAF7C48C1BD48EC5002B5285 /* ResearchQuestionsViewController.swift */ = {isa = PBXFileReference; fileEncoding = 4; lastKnownFileType = sourcecode.swift; path = ResearchQuestionsViewController.swift; sourceTree = "<group>"; };
		FAF7C48E1BD48ED3002B5285 /* StaffQuestionsViewController.swift */ = {isa = PBXFileReference; fileEncoding = 4; lastKnownFileType = sourcecode.swift; path = StaffQuestionsViewController.swift; sourceTree = "<group>"; };
		FAF7C4901BD48EDF002B5285 /* CandidatesViewController.swift */ = {isa = PBXFileReference; fileEncoding = 4; lastKnownFileType = sourcecode.swift; path = CandidatesViewController.swift; sourceTree = "<group>"; };
		FAF7C4921BD49D21002B5285 /* Backend.swift */ = {isa = PBXFileReference; fileEncoding = 4; lastKnownFileType = sourcecode.swift; path = Backend.swift; sourceTree = "<group>"; };
/* End PBXFileReference section */

/* Begin PBXFrameworksBuildPhase section */
		FAF7C44C1BD48E38002B5285 /* Frameworks */ = {
			isa = PBXFrameworksBuildPhase;
			buildActionMask = 2147483647;
			files = (
				CC90A89AEB9043D36AF212C4 /* Pods.framework in Frameworks */,
			);
			runOnlyForDeploymentPostprocessing = 0;
		};
		FAF7C4601BD48E39002B5285 /* Frameworks */ = {
			isa = PBXFrameworksBuildPhase;
			buildActionMask = 2147483647;
			files = (
			);
			runOnlyForDeploymentPostprocessing = 0;
		};
		FAF7C46B1BD48E39002B5285 /* Frameworks */ = {
			isa = PBXFrameworksBuildPhase;
			buildActionMask = 2147483647;
			files = (
			);
			runOnlyForDeploymentPostprocessing = 0;
		};
/* End PBXFrameworksBuildPhase section */

/* Begin PBXGroup section */
		A725271CBBE72B48FACCBF01 /* Pods */ = {
			isa = PBXGroup;
			children = (
				6AFAD4040A86B00CF726CEA4 /* Pods.debug.xcconfig */,
				55E069DFC1A5AD641E569809 /* Pods.release.xcconfig */,
			);
			name = Pods;
			sourceTree = "<group>";
		};
		F8A9893D50ABA1E3EEC59B42 /* Frameworks */ = {
			isa = PBXGroup;
			children = (
				548B1343A528873E4773B7B8 /* Pods.framework */,
			);
			name = Frameworks;
			sourceTree = "<group>";
		};
		FAF7C4461BD48E38002B5285 = {
			isa = PBXGroup;
			children = (
				FAF7C4511BD48E38002B5285 /* yig */,
				FAF7C4661BD48E39002B5285 /* yigTests */,
				FAF7C4711BD48E39002B5285 /* yigUITests */,
				FAF7C4501BD48E38002B5285 /* Products */,
				A725271CBBE72B48FACCBF01 /* Pods */,
				F8A9893D50ABA1E3EEC59B42 /* Frameworks */,
			);
			sourceTree = "<group>";
		};
		FAF7C4501BD48E38002B5285 /* Products */ = {
			isa = PBXGroup;
			children = (
				FAF7C44F1BD48E38002B5285 /* yig.app */,
				FAF7C4631BD48E39002B5285 /* yigTests.xctest */,
				FAF7C46E1BD48E39002B5285 /* yigUITests.xctest */,
			);
			name = Products;
			sourceTree = "<group>";
		};
		FAF7C4511BD48E38002B5285 /* yig */ = {
			isa = PBXGroup;
			children = (
				FAF7C4521BD48E38002B5285 /* AppDelegate.swift */,
				FAF7C4541BD48E38002B5285 /* ViewController.swift */,
				FAF7C4561BD48E38002B5285 /* Main.storyboard */,
				FAF7C4591BD48E38002B5285 /* Assets.xcassets */,
				FAF7C45B1BD48E38002B5285 /* LaunchScreen.storyboard */,
				FAF7C45E1BD48E38002B5285 /* Info.plist */,
				FAF7C4801BD48E75002B5285 /* MapViewController.swift */,
				FAF7C4821BD48E87002B5285 /* DocketViewController.swift */,
				FAF7C4841BD48E95002B5285 /* BillUpdatesViewController.swift */,
				FAF7C4861BD48EA4002B5285 /* ConferenceScheduleViewController.swift */,
				FAF7C4881BD48EB0002B5285 /* BusScheduleViewController.swift */,
				FAF7C48A1BD48EBA002B5285 /* AnnouncementsViewController.swift */,
				FAF7C48C1BD48EC5002B5285 /* ResearchQuestionsViewController.swift */,
				FAF7C48E1BD48ED3002B5285 /* StaffQuestionsViewController.swift */,
				FAF7C4901BD48EDF002B5285 /* CandidatesViewController.swift */,
				FAF7C4921BD49D21002B5285 /* Backend.swift */,
				FA6A69131BD49EAC003599EB /* yig-Bridging-Header.h */,
				FA4C71551BDB6015007AF9F4 /* OptionsViewController.swift */,
				FA4C71571BDB6B07007AF9F4 /* SettingsViewController.swift */,
				FA4C71591BDC86A0007AF9F4 /* GroupedViewController.swift */,
			);
			path = yig;
			sourceTree = "<group>";
		};
		FAF7C4661BD48E39002B5285 /* yigTests */ = {
			isa = PBXGroup;
			children = (
				FAF7C4671BD48E39002B5285 /* yigTests.swift */,
				FAF7C4691BD48E39002B5285 /* Info.plist */,
			);
			path = yigTests;
			sourceTree = "<group>";
		};
		FAF7C4711BD48E39002B5285 /* yigUITests */ = {
			isa = PBXGroup;
			children = (
				FAF7C4721BD48E39002B5285 /* yigUITests.swift */,
				FAF7C4741BD48E39002B5285 /* Info.plist */,
			);
			path = yigUITests;
			sourceTree = "<group>";
		};
/* End PBXGroup section */

/* Begin PBXNativeTarget section */
		FAF7C44E1BD48E38002B5285 /* yig */ = {
			isa = PBXNativeTarget;
			buildConfigurationList = FAF7C4771BD48E39002B5285 /* Build configuration list for PBXNativeTarget "yig" */;
			buildPhases = (
				AD8EB71C570F24AAD9FEE21A /* Check Pods Manifest.lock */,
				FAF7C44B1BD48E38002B5285 /* Sources */,
				FAF7C44C1BD48E38002B5285 /* Frameworks */,
				FAF7C44D1BD48E38002B5285 /* Resources */,
				046BCED4D33CB3D31E519734 /* Embed Pods Frameworks */,
				9C43F77B8AF741440977F3E0 /* Copy Pods Resources */,
			);
			buildRules = (
			);
			dependencies = (
			);
			name = yig;
			productName = yig;
			productReference = FAF7C44F1BD48E38002B5285 /* yig.app */;
			productType = "com.apple.product-type.application";
		};
		FAF7C4621BD48E39002B5285 /* yigTests */ = {
			isa = PBXNativeTarget;
			buildConfigurationList = FAF7C47A1BD48E39002B5285 /* Build configuration list for PBXNativeTarget "yigTests" */;
			buildPhases = (
				FAF7C45F1BD48E39002B5285 /* Sources */,
				FAF7C4601BD48E39002B5285 /* Frameworks */,
				FAF7C4611BD48E39002B5285 /* Resources */,
			);
			buildRules = (
			);
			dependencies = (
				FAF7C4651BD48E39002B5285 /* PBXTargetDependency */,
			);
			name = yigTests;
			productName = yigTests;
			productReference = FAF7C4631BD48E39002B5285 /* yigTests.xctest */;
			productType = "com.apple.product-type.bundle.unit-test";
		};
		FAF7C46D1BD48E39002B5285 /* yigUITests */ = {
			isa = PBXNativeTarget;
			buildConfigurationList = FAF7C47D1BD48E39002B5285 /* Build configuration list for PBXNativeTarget "yigUITests" */;
			buildPhases = (
				FAF7C46A1BD48E39002B5285 /* Sources */,
				FAF7C46B1BD48E39002B5285 /* Frameworks */,
				FAF7C46C1BD48E39002B5285 /* Resources */,
			);
			buildRules = (
			);
			dependencies = (
				FAF7C4701BD48E39002B5285 /* PBXTargetDependency */,
			);
			name = yigUITests;
			productName = yigUITests;
			productReference = FAF7C46E1BD48E39002B5285 /* yigUITests.xctest */;
			productType = "com.apple.product-type.bundle.ui-testing";
		};
/* End PBXNativeTarget section */

/* Begin PBXProject section */
		FAF7C4471BD48E38002B5285 /* Project object */ = {
			isa = PBXProject;
			attributes = {
				LastSwiftUpdateCheck = 0710;
				LastUpgradeCheck = 0710;
				ORGANIZATIONNAME = Macbook;
				TargetAttributes = {
					FAF7C44E1BD48E38002B5285 = {
						CreatedOnToolsVersion = 7.1;
					};
					FAF7C4621BD48E39002B5285 = {
						CreatedOnToolsVersion = 7.1;
						TestTargetID = FAF7C44E1BD48E38002B5285;
					};
					FAF7C46D1BD48E39002B5285 = {
						CreatedOnToolsVersion = 7.1;
						TestTargetID = FAF7C44E1BD48E38002B5285;
					};
				};
			};
			buildConfigurationList = FAF7C44A1BD48E38002B5285 /* Build configuration list for PBXProject "yig" */;
			compatibilityVersion = "Xcode 3.2";
			developmentRegion = English;
			hasScannedForEncodings = 0;
			knownRegions = (
				en,
				Base,
			);
			mainGroup = FAF7C4461BD48E38002B5285;
			productRefGroup = FAF7C4501BD48E38002B5285 /* Products */;
			projectDirPath = "";
			projectRoot = "";
			targets = (
				FAF7C44E1BD48E38002B5285 /* yig */,
				FAF7C4621BD48E39002B5285 /* yigTests */,
				FAF7C46D1BD48E39002B5285 /* yigUITests */,
			);
		};
/* End PBXProject section */

/* Begin PBXResourcesBuildPhase section */
		FAF7C44D1BD48E38002B5285 /* Resources */ = {
			isa = PBXResourcesBuildPhase;
			buildActionMask = 2147483647;
			files = (
				FAF7C45D1BD48E38002B5285 /* LaunchScreen.storyboard in Resources */,
				FAF7C45A1BD48E38002B5285 /* Assets.xcassets in Resources */,
				FAF7C4581BD48E38002B5285 /* Main.storyboard in Resources */,
			);
			runOnlyForDeploymentPostprocessing = 0;
		};
		FAF7C4611BD48E39002B5285 /* Resources */ = {
			isa = PBXResourcesBuildPhase;
			buildActionMask = 2147483647;
			files = (
			);
			runOnlyForDeploymentPostprocessing = 0;
		};
		FAF7C46C1BD48E39002B5285 /* Resources */ = {
			isa = PBXResourcesBuildPhase;
			buildActionMask = 2147483647;
			files = (
			);
			runOnlyForDeploymentPostprocessing = 0;
		};
/* End PBXResourcesBuildPhase section */

/* Begin PBXShellScriptBuildPhase section */
		046BCED4D33CB3D31E519734 /* Embed Pods Frameworks */ = {
			isa = PBXShellScriptBuildPhase;
			buildActionMask = 2147483647;
			files = (
			);
			inputPaths = (
			);
			name = "Embed Pods Frameworks";
			outputPaths = (
			);
			runOnlyForDeploymentPostprocessing = 0;
			shellPath = /bin/sh;
			shellScript = "\"${SRCROOT}/Pods/Target Support Files/Pods/Pods-frameworks.sh\"\n";
			showEnvVarsInLog = 0;
		};
		9C43F77B8AF741440977F3E0 /* Copy Pods Resources */ = {
			isa = PBXShellScriptBuildPhase;
			buildActionMask = 2147483647;
			files = (
			);
			inputPaths = (
			);
			name = "Copy Pods Resources";
			outputPaths = (
			);
			runOnlyForDeploymentPostprocessing = 0;
			shellPath = /bin/sh;
			shellScript = "\"${SRCROOT}/Pods/Target Support Files/Pods/Pods-resources.sh\"\n";
			showEnvVarsInLog = 0;
		};
		AD8EB71C570F24AAD9FEE21A /* Check Pods Manifest.lock */ = {
			isa = PBXShellScriptBuildPhase;
			buildActionMask = 2147483647;
			files = (
			);
			inputPaths = (
			);
			name = "Check Pods Manifest.lock";
			outputPaths = (
			);
			runOnlyForDeploymentPostprocessing = 0;
			shellPath = /bin/sh;
			shellScript = "diff \"${PODS_ROOT}/../Podfile.lock\" \"${PODS_ROOT}/Manifest.lock\" > /dev/null\nif [[ $? != 0 ]] ; then\n    cat << EOM\nerror: The sandbox is not in sync with the Podfile.lock. Run 'pod install' or update your CocoaPods installation.\nEOM\n    exit 1\nfi\n";
			showEnvVarsInLog = 0;
		};
/* End PBXShellScriptBuildPhase section */

/* Begin PBXSourcesBuildPhase section */
		FAF7C44B1BD48E38002B5285 /* Sources */ = {
			isa = PBXSourcesBuildPhase;
			buildActionMask = 2147483647;
			files = (
				FAF7C4551BD48E38002B5285 /* ViewController.swift in Sources */,
				FAF7C4871BD48EA4002B5285 /* ConferenceScheduleViewController.swift in Sources */,
				FAF7C4891BD48EB0002B5285 /* BusScheduleViewController.swift in Sources */,
				FAF7C48D1BD48EC5002B5285 /* ResearchQuestionsViewController.swift in Sources */,
				FAF7C48B1BD48EBA002B5285 /* AnnouncementsViewController.swift in Sources */,
				FAF7C4811BD48E75002B5285 /* MapViewController.swift in Sources */,
				FAF7C4831BD48E87002B5285 /* DocketViewController.swift in Sources */,
				FAF7C4531BD48E38002B5285 /* AppDelegate.swift in Sources */,
				FA4C715A1BDC86A0007AF9F4 /* GroupedViewController.swift in Sources */,
				FA4C71561BDB6015007AF9F4 /* OptionsViewController.swift in Sources */,
				FA4C71581BDB6B07007AF9F4 /* SettingsViewController.swift in Sources */,
				FAF7C4931BD49D21002B5285 /* Backend.swift in Sources */,
				FAF7C4911BD48EDF002B5285 /* CandidatesViewController.swift in Sources */,
				FAF7C4851BD48E95002B5285 /* BillUpdatesViewController.swift in Sources */,
				FAF7C48F1BD48ED3002B5285 /* StaffQuestionsViewController.swift in Sources */,
			);
			runOnlyForDeploymentPostprocessing = 0;
		};
		FAF7C45F1BD48E39002B5285 /* Sources */ = {
			isa = PBXSourcesBuildPhase;
			buildActionMask = 2147483647;
			files = (
				FAF7C4681BD48E39002B5285 /* yigTests.swift in Sources */,
			);
			runOnlyForDeploymentPostprocessing = 0;
		};
		FAF7C46A1BD48E39002B5285 /* Sources */ = {
			isa = PBXSourcesBuildPhase;
			buildActionMask = 2147483647;
			files = (
				FAF7C4731BD48E39002B5285 /* yigUITests.swift in Sources */,
			);
			runOnlyForDeploymentPostprocessing = 0;
		};
/* End PBXSourcesBuildPhase section */

/* Begin PBXTargetDependency section */
		FAF7C4651BD48E39002B5285 /* PBXTargetDependency */ = {
			isa = PBXTargetDependency;
			target = FAF7C44E1BD48E38002B5285 /* yig */;
			targetProxy = FAF7C4641BD48E39002B5285 /* PBXContainerItemProxy */;
		};
		FAF7C4701BD48E39002B5285 /* PBXTargetDependency */ = {
			isa = PBXTargetDependency;
			target = FAF7C44E1BD48E38002B5285 /* yig */;
			targetProxy = FAF7C46F1BD48E39002B5285 /* PBXContainerItemProxy */;
		};
/* End PBXTargetDependency section */

/* Begin PBXVariantGroup section */
		FAF7C4561BD48E38002B5285 /* Main.storyboard */ = {
			isa = PBXVariantGroup;
			children = (
				FAF7C4571BD48E38002B5285 /* Base */,
			);
			name = Main.storyboard;
			sourceTree = "<group>";
		};
		FAF7C45B1BD48E38002B5285 /* LaunchScreen.storyboard */ = {
			isa = PBXVariantGroup;
			children = (
				FAF7C45C1BD48E38002B5285 /* Base */,
			);
			name = LaunchScreen.storyboard;
			sourceTree = "<group>";
		};
/* End PBXVariantGroup section */

/* Begin XCBuildConfiguration section */
		FAF7C4751BD48E39002B5285 /* Debug */ = {
			isa = XCBuildConfiguration;
			buildSettings = {
				ALWAYS_SEARCH_USER_PATHS = NO;
				CLANG_CXX_LANGUAGE_STANDARD = "gnu++0x";
				CLANG_CXX_LIBRARY = "libc++";
				CLANG_ENABLE_MODULES = YES;
				CLANG_ENABLE_OBJC_ARC = YES;
				CLANG_WARN_BOOL_CONVERSION = YES;
				CLANG_WARN_CONSTANT_CONVERSION = YES;
				CLANG_WARN_DIRECT_OBJC_ISA_USAGE = YES_ERROR;
				CLANG_WARN_EMPTY_BODY = YES;
				CLANG_WARN_ENUM_CONVERSION = YES;
				CLANG_WARN_INT_CONVERSION = YES;
				CLANG_WARN_OBJC_ROOT_CLASS = YES_ERROR;
				CLANG_WARN_UNREACHABLE_CODE = YES;
				CLANG_WARN__DUPLICATE_METHOD_MATCH = YES;
				"CODE_SIGN_IDENTITY[sdk=iphoneos*]" = "iPhone Developer";
				COPY_PHASE_STRIP = NO;
				DEBUG_INFORMATION_FORMAT = dwarf;
				ENABLE_STRICT_OBJC_MSGSEND = YES;
				ENABLE_TESTABILITY = YES;
				GCC_C_LANGUAGE_STANDARD = gnu99;
				GCC_DYNAMIC_NO_PIC = NO;
				GCC_NO_COMMON_BLOCKS = YES;
				GCC_OPTIMIZATION_LEVEL = 0;
				GCC_PREPROCESSOR_DEFINITIONS = (
					"DEBUG=1",
					"$(inherited)",
				);
				GCC_WARN_64_TO_32_BIT_CONVERSION = YES;
				GCC_WARN_ABOUT_RETURN_TYPE = YES_ERROR;
				GCC_WARN_UNDECLARED_SELECTOR = YES;
				GCC_WARN_UNINITIALIZED_AUTOS = YES_AGGRESSIVE;
				GCC_WARN_UNUSED_FUNCTION = YES;
				GCC_WARN_UNUSED_VARIABLE = YES;
				IPHONEOS_DEPLOYMENT_TARGET = 9.1;
				MTL_ENABLE_DEBUG_INFO = YES;
				ONLY_ACTIVE_ARCH = YES;
				SDKROOT = iphoneos;
				SWIFT_OPTIMIZATION_LEVEL = "-Onone";
				TARGETED_DEVICE_FAMILY = "1,2";
			};
			name = Debug;
		};
		FAF7C4761BD48E39002B5285 /* Release */ = {
			isa = XCBuildConfiguration;
			buildSettings = {
				ALWAYS_SEARCH_USER_PATHS = NO;
				CLANG_CXX_LANGUAGE_STANDARD = "gnu++0x";
				CLANG_CXX_LIBRARY = "libc++";
				CLANG_ENABLE_MODULES = YES;
				CLANG_ENABLE_OBJC_ARC = YES;
				CLANG_WARN_BOOL_CONVERSION = YES;
				CLANG_WARN_CONSTANT_CONVERSION = YES;
				CLANG_WARN_DIRECT_OBJC_ISA_USAGE = YES_ERROR;
				CLANG_WARN_EMPTY_BODY = YES;
				CLANG_WARN_ENUM_CONVERSION = YES;
				CLANG_WARN_INT_CONVERSION = YES;
				CLANG_WARN_OBJC_ROOT_CLASS = YES_ERROR;
				CLANG_WARN_UNREACHABLE_CODE = YES;
				CLANG_WARN__DUPLICATE_METHOD_MATCH = YES;
				"CODE_SIGN_IDENTITY[sdk=iphoneos*]" = "iPhone Developer";
				COPY_PHASE_STRIP = NO;
				DEBUG_INFORMATION_FORMAT = "dwarf-with-dsym";
				ENABLE_NS_ASSERTIONS = NO;
				ENABLE_STRICT_OBJC_MSGSEND = YES;
				GCC_C_LANGUAGE_STANDARD = gnu99;
				GCC_NO_COMMON_BLOCKS = YES;
				GCC_WARN_64_TO_32_BIT_CONVERSION = YES;
				GCC_WARN_ABOUT_RETURN_TYPE = YES_ERROR;
				GCC_WARN_UNDECLARED_SELECTOR = YES;
				GCC_WARN_UNINITIALIZED_AUTOS = YES_AGGRESSIVE;
				GCC_WARN_UNUSED_FUNCTION = YES;
				GCC_WARN_UNUSED_VARIABLE = YES;
				IPHONEOS_DEPLOYMENT_TARGET = 9.1;
				MTL_ENABLE_DEBUG_INFO = NO;
				SDKROOT = iphoneos;
				TARGETED_DEVICE_FAMILY = "1,2";
				VALIDATE_PRODUCT = YES;
			};
			name = Release;
		};
		FAF7C4781BD48E39002B5285 /* Debug */ = {
			isa = XCBuildConfiguration;
			baseConfigurationReference = 6AFAD4040A86B00CF726CEA4 /* Pods.debug.xcconfig */;
			buildSettings = {
				ASSETCATALOG_COMPILER_APPICON_NAME = AppIcon;
				INFOPLIST_FILE = yig/Info.plist;
				LD_RUNPATH_SEARCH_PATHS = "$(inherited) @executable_path/Frameworks";
				PRODUCT_BUNDLE_IDENTIFIER = ymca.yig;
				PRODUCT_NAME = "$(TARGET_NAME)";
			};
			name = Debug;
		};
		FAF7C4791BD48E39002B5285 /* Release */ = {
			isa = XCBuildConfiguration;
			baseConfigurationReference = 55E069DFC1A5AD641E569809 /* Pods.release.xcconfig */;
			buildSettings = {
				ASSETCATALOG_COMPILER_APPICON_NAME = AppIcon;
				INFOPLIST_FILE = yig/Info.plist;
				LD_RUNPATH_SEARCH_PATHS = "$(inherited) @executable_path/Frameworks";
				PRODUCT_BUNDLE_IDENTIFIER = ymca.yig;
				PRODUCT_NAME = "$(TARGET_NAME)";
			};
			name = Release;
		};
		FAF7C47B1BD48E39002B5285 /* Debug */ = {
			isa = XCBuildConfiguration;
			buildSettings = {
				BUNDLE_LOADER = "$(TEST_HOST)";
				INFOPLIST_FILE = yigTests/Info.plist;
				LD_RUNPATH_SEARCH_PATHS = "$(inherited) @executable_path/Frameworks @loader_path/Frameworks";
				PRODUCT_BUNDLE_IDENTIFIER = ymca.yigTests;
				PRODUCT_NAME = "$(TARGET_NAME)";
				TEST_HOST = "$(BUILT_PRODUCTS_DIR)/yig.app/yig";
			};
			name = Debug;
		};
		FAF7C47C1BD48E39002B5285 /* Release */ = {
			isa = XCBuildConfiguration;
			buildSettings = {
				BUNDLE_LOADER = "$(TEST_HOST)";
				INFOPLIST_FILE = yigTests/Info.plist;
				LD_RUNPATH_SEARCH_PATHS = "$(inherited) @executable_path/Frameworks @loader_path/Frameworks";
				PRODUCT_BUNDLE_IDENTIFIER = ymca.yigTests;
				PRODUCT_NAME = "$(TARGET_NAME)";
				TEST_HOST = "$(BUILT_PRODUCTS_DIR)/yig.app/yig";
			};
			name = Release;
		};
		FAF7C47E1BD48E39002B5285 /* Debug */ = {
			isa = XCBuildConfiguration;
			buildSettings = {
				INFOPLIST_FILE = yigUITests/Info.plist;
				LD_RUNPATH_SEARCH_PATHS = "$(inherited) @executable_path/Frameworks @loader_path/Frameworks";
				PRODUCT_BUNDLE_IDENTIFIER = ymca.yigUITests;
				PRODUCT_NAME = "$(TARGET_NAME)";
				TEST_TARGET_NAME = yig;
				USES_XCTRUNNER = YES;
			};
			name = Debug;
		};
		FAF7C47F1BD48E39002B5285 /* Release */ = {
			isa = XCBuildConfiguration;
			buildSettings = {
				INFOPLIST_FILE = yigUITests/Info.plist;
				LD_RUNPATH_SEARCH_PATHS = "$(inherited) @executable_path/Frameworks @loader_path/Frameworks";
				PRODUCT_BUNDLE_IDENTIFIER = ymca.yigUITests;
				PRODUCT_NAME = "$(TARGET_NAME)";
				TEST_TARGET_NAME = yig;
				USES_XCTRUNNER = YES;
			};
			name = Release;
		};
/* End XCBuildConfiguration section */

/* Begin XCConfigurationList section */
		FAF7C44A1BD48E38002B5285 /* Build configuration list for PBXProject "yig" */ = {
			isa = XCConfigurationList;
			buildConfigurations = (
				FAF7C4751BD48E39002B5285 /* Debug */,
				FAF7C4761BD48E39002B5285 /* Release */,
			);
			defaultConfigurationIsVisible = 0;
			defaultConfigurationName = Release;
		};
		FAF7C4771BD48E39002B5285 /* Build configuration list for PBXNativeTarget "yig" */ = {
			isa = XCConfigurationList;
			buildConfigurations = (
				FAF7C4781BD48E39002B5285 /* Debug */,
				FAF7C4791BD48E39002B5285 /* Release */,
			);
			defaultConfigurationIsVisible = 0;
			defaultConfigurationName = Release;
		};
		FAF7C47A1BD48E39002B5285 /* Build configuration list for PBXNativeTarget "yigTests" */ = {
			isa = XCConfigurationList;
			buildConfigurations = (
				FAF7C47B1BD48E39002B5285 /* Debug */,
				FAF7C47C1BD48E39002B5285 /* Release */,
			);
			defaultConfigurationIsVisible = 0;
			defaultConfigurationName = Release;
		};
		FAF7C47D1BD48E39002B5285 /* Build configuration list for PBXNativeTarget "yigUITests" */ = {
			isa = XCConfigurationList;
			buildConfigurations = (
				FAF7C47E1BD48E39002B5285 /* Debug */,
				FAF7C47F1BD48E39002B5285 /* Release */,
			);
			defaultConfigurationIsVisible = 0;
			defaultConfigurationName = Release;
		};
/* End XCConfigurationList section */
	};
	rootObject = FAF7C4471BD48E38002B5285 /* Project object */;
}
